// !$*UTF8*$!
{
	archiveVersion = 1;
	classes = {
	};
	objectVersion = 48;
	objects = {

/* Begin PBXBuildFile section */
		9C1577C91F9067940008AF62 /* AppDelegate.m in Sources */ = {isa = PBXBuildFile; fileRef = 9C1577C81F9067940008AF62 /* AppDelegate.m */; };
		9C1577CC1F9067940008AF62 /* ViewController.m in Sources */ = {isa = PBXBuildFile; fileRef = 9C1577CB1F9067940008AF62 /* ViewController.m */; };
		9C1577CF1F9067940008AF62 /* Main.storyboard in Resources */ = {isa = PBXBuildFile; fileRef = 9C1577CD1F9067940008AF62 /* Main.storyboard */; };
		9C1577D11F9067940008AF62 /* Assets.xcassets in Resources */ = {isa = PBXBuildFile; fileRef = 9C1577D01F9067940008AF62 /* Assets.xcassets */; };
		9C1577D41F9067940008AF62 /* LaunchScreen.storyboard in Resources */ = {isa = PBXBuildFile; fileRef = 9C1577D21F9067940008AF62 /* LaunchScreen.storyboard */; };
		9C1577D71F9067940008AF62 /* main.m in Sources */ = {isa = PBXBuildFile; fileRef = 9C1577D61F9067940008AF62 /* main.m */; };
/* End PBXBuildFile section */

/* Begin PBXFileReference section */
		9C1577C41F9067940008AF62 /* testA_Category.app */ = {isa = PBXFileReference; explicitFileType = wrapper.application; includeInIndex = 0; path = testA_Category.app; sourceTree = BUILT_PRODUCTS_DIR; };
		9C1577C71F9067940008AF62 /* AppDelegate.h */ = {isa = PBXFileReference; lastKnownFileType = sourcecode.c.h; path = AppDelegate.h; sourceTree = "<group>"; };
		9C1577C81F9067940008AF62 /* AppDelegate.m */ = {isa = PBXFileReference; lastKnownFileType = sourcecode.c.objc; path = AppDelegate.m; sourceTree = "<group>"; };
		9C1577CA1F9067940008AF62 /* ViewController.h */ = {isa = PBXFileReference; lastKnownFileType = sourcecode.c.h; path = ViewController.h; sourceTree = "<group>"; };
		9C1577CB1F9067940008AF62 /* ViewController.m */ = {isa = PBXFileReference; lastKnownFileType = sourcecode.c.objc; path = ViewController.m; sourceTree = "<group>"; };
		9C1577CE1F9067940008AF62 /* Base */ = {isa = PBXFileReference; lastKnownFileType = file.storyboard; name = Base; path = Base.lproj/Main.storyboard; sourceTree = "<group>"; };
		9C1577D01F9067940008AF62 /* Assets.xcassets */ = {isa = PBXFileReference; lastKnownFileType = folder.assetcatalog; path = Assets.xcassets; sourceTree = "<group>"; };
		9C1577D31F9067940008AF62 /* Base */ = {isa = PBXFileReference; lastKnownFileType = file.storyboard; name = Base; path = Base.lproj/LaunchScreen.storyboard; sourceTree = "<group>"; };
		9C1577D51F9067940008AF62 /* Info.plist */ = {isa = PBXFileReference; lastKnownFileType = text.plist.xml; path = Info.plist; sourceTree = "<group>"; };
		9C1577D61F9067940008AF62 /* main.m */ = {isa = PBXFileReference; lastKnownFileType = sourcecode.c.objc; path = main.m; sourceTree = "<group>"; };
/* End PBXFileReference section */

/* Begin PBXFrameworksBuildPhase section */
		9C1577C11F9067940008AF62 /* Frameworks */ = {
			isa = PBXFrameworksBuildPhase;
			buildActionMask = 2147483647;
			files = (
			);
			runOnlyForDeploymentPostprocessing = 0;
		};
/* End PBXFrameworksBuildPhase section */

/* Begin PBXGroup section */
		9C1577BB1F9067940008AF62 = {
			isa = PBXGroup;
			children = (
				9C1577C61F9067940008AF62 /* testA_Category */,
				9C1577C51F9067940008AF62 /* Products */,
			);
			sourceTree = "<group>";
		};
		9C1577C51F9067940008AF62 /* Products */ = {
			isa = PBXGroup;
			children = (
				9C1577C41F9067940008AF62 /* testA_Category.app */,
			);
			name = Products;
			sourceTree = "<group>";
		};
		9C1577C61F9067940008AF62 /* testA_Category */ = {
			isa = PBXGroup;
			children = (
				9C1577C71F9067940008AF62 /* AppDelegate.h */,
				9C1577C81F9067940008AF62 /* AppDelegate.m */,
				9C1577CA1F9067940008AF62 /* ViewController.h */,
				9C1577CB1F9067940008AF62 /* ViewController.m */,
				9C1577CD1F9067940008AF62 /* Main.storyboard */,
				9C1577D01F9067940008AF62 /* Assets.xcassets */,
				9C1577D21F9067940008AF62 /* LaunchScreen.storyboard */,
				9C1577D51F9067940008AF62 /* Info.plist */,
				9C1577D61F9067940008AF62 /* main.m */,
			);
			path = testA_Category;
			sourceTree = "<group>";
		};
/* End PBXGroup section */

/* Begin PBXNativeTarget section */
		9C1577C31F9067940008AF62 /* testA_Category */ = {
			isa = PBXNativeTarget;
			buildConfigurationList = 9C1577DA1F9067940008AF62 /* Build configuration list for PBXNativeTarget "testA_Category" */;
			buildPhases = (
				9C1577C01F9067940008AF62 /* Sources */,
				9C1577C11F9067940008AF62 /* Frameworks */,
				9C1577C21F9067940008AF62 /* Resources */,
			);
			buildRules = (
			);
			dependencies = (
			);
			name = testA_Category;
			productName = testA_Category;
			productReference = 9C1577C41F9067940008AF62 /* testA_Category.app */;
			productType = "com.apple.product-type.application";
		};
/* End PBXNativeTarget section */

/* Begin PBXProject section */
		9C1577BC1F9067940008AF62 /* Project object */ = {
			isa = PBXProject;
			attributes = {
				LastUpgradeCheck = 0900;
				ORGANIZATIONNAME = lihui;
				TargetAttributes = {
					9C1577C31F9067940008AF62 = {
						CreatedOnToolsVersion = 9.0;
						ProvisioningStyle = Automatic;
					};
				};
			};
			buildConfigurationList = 9C1577BF1F9067940008AF62 /* Build configuration list for PBXProject "testA_Category" */;
			compatibilityVersion = "Xcode 8.0";
			developmentRegion = en;
			hasScannedForEncodings = 0;
			knownRegions = (
				en,
				Base,
			);
			mainGroup = 9C1577BB1F9067940008AF62;
			productRefGroup = 9C1577C51F9067940008AF62 /* Products */;
			projectDirPath = "";
			projectRoot = "";
			targets = (
				9C1577C31F9067940008AF62 /* testA_Category */,
			);
		};
/* End PBXProject section */

/* Begin PBXResourcesBuildPhase section */
		9C1577C21F9067940008AF62 /* Resources */ = {
			isa = PBXResourcesBuildPhase;
			buildActionMask = 2147483647;
			files = (
				9C1577D41F9067940008AF62 /* LaunchScreen.storyboard in Resources */,
				9C1577D11F9067940008AF62 /* Assets.xcassets in Resources */,
				9C1577CF1F9067940008AF62 /* Main.storyboard in Resources */,
			);
			runOnlyForDeploymentPostprocessing = 0;
		};
/* End PBXResourcesBuildPhase section */

/* Begin PBXSourcesBuildPhase section */
		9C1577C01F9067940008AF62 /* Sources */ = {
			isa = PBXSourcesBuildPhase;
			buildActionMask = 2147483647;
			files = (
				9C1577CC1F9067940008AF62 /* ViewController.m in Sources */,
				9C1577D71F9067940008AF62 /* main.m in Sources */,
				9C1577C91F9067940008AF62 /* AppDelegate.m in Sources */,
			);
			runOnlyForDeploymentPostprocessing = 0;
		};
/* End PBXSourcesBuildPhase section */

/* Begin PBXVariantGroup section */
		9C1577CD1F9067940008AF62 /* Main.storyboard */ = {
			isa = PBXVariantGroup;
			children = (
				9C1577CE1F9067940008AF62 /* Base */,
			);
			name = Main.storyboard;
			sourceTree = "<group>";
		};
		9C1577D21F9067940008AF62 /* LaunchScreen.storyboard */ = {
			isa = PBXVariantGroup;
			children = (
				9C1577D31F9067940008AF62 /* Base */,
			);
			name = LaunchScreen.storyboard;
			sourceTree = "<group>";
		};
/* End PBXVariantGroup section */

/* Begin XCBuildConfiguration section */
		9C1577D81F9067940008AF62 /* Debug */ = {
			isa = XCBuildConfiguration;
			buildSettings = {
				ALWAYS_SEARCH_USER_PATHS = NO;
				CLANG_ANALYZER_NONNULL = YES;
				CLANG_ANALYZER_NUMBER_OBJECT_CONVERSION = YES_AGGRESSIVE;
				CLANG_CXX_LANGUAGE_STANDARD = "gnu++14";
				CLANG_CXX_LIBRARY = "libc++";
				CLANG_ENABLE_MODULES = YES;
				CLANG_ENABLE_OBJC_ARC = YES;
				CLANG_WARN_BLOCK_CAPTURE_AUTORELEASING = YES;
				CLANG_WARN_BOOL_CONVERSION = YES;
				CLANG_WARN_COMMA = YES;
				CLANG_WARN_CONSTANT_CONVERSION = YES;
				CLANG_WARN_DIRECT_OBJC_ISA_USAGE = YES_ERROR;
				CLANG_WARN_DOCUMENTATION_COMMENTS = YES;
				CLANG_WARN_EMPTY_BODY = YES;
				CLANG_WARN_ENUM_CONVERSION = YES;
				CLANG_WARN_INFINITE_RECURSION = YES;
				CLANG_WARN_INT_CONVERSION = YES;
				CLANG_WARN_NON_LITERAL_NULL_CONVERSION = YES;
				CLANG_WARN_OBJC_LITERAL_CONVERSION = YES;
				CLANG_WARN_OBJC_ROOT_CLASS = YES_ERROR;
				CLANG_WARN_RANGE_LOOP_ANALYSIS = YES;
				CLANG_WARN_STRICT_PROTOTYPES = YES;
				CLANG_WARN_SUSPICIOUS_MOVE = YES;
				CLANG_WARN_UNGUARDED_AVAILABILITY = YES_AGGRESSIVE;
				CLANG_WARN_UNREACHABLE_CODE = YES;
				CLANG_WARN__DUPLICATE_METHOD_MATCH = YES;
				CODE_SIGN_IDENTITY = "iPhone Developer";
				COPY_PHASE_STRIP = NO;
				DEBUG_INFORMATION_FORMAT = dwarf;
				ENABLE_STRICT_OBJC_MSGSEND = YES;
				ENABLE_TESTABILITY = YES;
				GCC_C_LANGUAGE_STANDARD = gnu11;
				GCC_DYNAMIC_NO_PIC = NO;
				GCC_NO_COMMON_BLOCKS = YES;
				GCC_OPTIMIZATION_LEVEL = 0;
				GCC_PREPROCESSOR_DEFINITIONS = (
					"DEBUG=1",
					"$(inherited)",
				);
				GCC_WARN_64_TO_32_BIT_CONVERSION = YES;
				GCC_WARN_ABOUT_RETURN_TYPE = YES_ERROR;
				GCC_WARN_UNDECLARED_SELECTOR = YES;
				GCC_WARN_UNINITIALIZED_AUTOS = YES_AGGRESSIVE;
				GCC_WARN_UNUSED_FUNCTION = YES;
				GCC_WARN_UNUSED_VARIABLE = YES;
				IPHONEOS_DEPLOYMENT_TARGET = 11.0;
				MTL_ENABLE_DEBUG_INFO = YES;
				ONLY_ACTIVE_ARCH = YES;
				SDKROOT = iphoneos;
			};
			name = Debug;
		};
		9C1577D91F9067940008AF62 /* Release */ = {
			isa = XCBuildConfiguration;
			buildSettings = {
				ALWAYS_SEARCH_USER_PATHS = NO;
				CLANG_ANALYZER_NONNULL = YES;
				CLANG_ANALYZER_NUMBER_OBJECT_CONVERSION = YES_AGGRESSIVE;
				CLANG_CXX_LANGUAGE_STANDARD = "gnu++14";
				CLANG_CXX_LIBRARY = "libc++";
				CLANG_ENABLE_MODULES = YES;
				CLANG_ENABLE_OBJC_ARC = YES;
				CLANG_WARN_BLOCK_CAPTURE_AUTORELEASING = YES;
				CLANG_WARN_BOOL_CONVERSION = YES;
				CLANG_WARN_COMMA = YES;
				CLANG_WARN_CONSTANT_CONVERSION = YES;
				CLANG_WARN_DIRECT_OBJC_ISA_USAGE = YES_ERROR;
				CLANG_WARN_DOCUMENTATION_COMMENTS = YES;
				CLANG_WARN_EMPTY_BODY = YES;
				CLANG_WARN_ENUM_CONVERSION = YES;
				CLANG_WARN_INFINITE_RECURSION = YES;
				CLANG_WARN_INT_CONVERSION = YES;
				CLANG_WARN_NON_LITERAL_NULL_CONVERSION = YES;
				CLANG_WARN_OBJC_LITERAL_CONVERSION = YES;
				CLANG_WARN_OBJC_ROOT_CLASS = YES_ERROR;
				CLANG_WARN_RANGE_LOOP_ANALYSIS = YES;
				CLANG_WARN_STRICT_PROTOTYPES = YES;
				CLANG_WARN_SUSPICIOUS_MOVE = YES;
				CLANG_WARN_UNGUARDED_AVAILABILITY = YES_AGGRESSIVE;
				CLANG_WARN_UNREACHABLE_CODE = YES;
				CLANG_WARN__DUPLICATE_METHOD_MATCH = YES;
				CODE_SIGN_IDENTITY = "iPhone Developer";
				COPY_PHASE_STRIP = NO;
				DEBUG_INFORMATION_FORMAT = "dwarf-with-dsym";
				ENABLE_NS_ASSERTIONS = NO;
				ENABLE_STRICT_OBJC_MSGSEND = YES;
				GCC_C_LANGUAGE_STANDARD = gnu11;
				GCC_NO_COMMON_BLOCKS = YES;
				GCC_WARN_64_TO_32_BIT_CONVERSION = YES;
				GCC_WARN_ABOUT_RETURN_TYPE = YES_ERROR;
				GCC_WARN_UNDECLARED_SELECTOR = YES;
				GCC_WARN_UNINITIALIZED_AUTOS = YES_AGGRESSIVE;
				GCC_WARN_UNUSED_FUNCTION = YES;
				GCC_WARN_UNUSED_VARIABLE = YES;
				IPHONEOS_DEPLOYMENT_TARGET = 11.0;
				MTL_ENABLE_DEBUG_INFO = NO;
				SDKROOT = iphoneos;
				VALIDATE_PRODUCT = YES;
			};
			name = Release;
		};
		9C1577DB1F9067940008AF62 /* Debug */ = {
			isa = XCBuildConfiguration;
			buildSettings = {
				ASSETCATALOG_COMPILER_APPICON_NAME = AppIcon;
				CODE_SIGN_STYLE = Automatic;
				INFOPLIST_FILE = testA_Category/Info.plist;
				LD_RUNPATH_SEARCH_PATHS = "$(inherited) @executable_path/Frameworks";
				PRODUCT_BUNDLE_IDENTIFIER = "com.lh.testA-Category";
				PRODUCT_NAME = "$(TARGET_NAME)";
				TARGETED_DEVICE_FAMILY = "1,2";
			};
			name = Debug;
		};
		9C1577DC1F9067940008AF62 /* Release */ = {
			isa = XCBuildConfiguration;
			buildSettings = {
				ASSETCATALOG_COMPILER_APPICON_NAME = AppIcon;
				CODE_SIGN_STYLE = Automatic;
				INFOPLIST_FILE = testA_Category/Info.plist;
				LD_RUNPATH_SEARCH_PATHS = "$(inherited) @executable_path/Frameworks";
				PRODUCT_BUNDLE_IDENTIFIER = "com.lh.testA-Category";
				PRODUCT_NAME = "$(TARGET_NAME)";
				TARGETED_DEVICE_FAMILY = "1,2";
			};
			name = Release;
		};
/* End XCBuildConfiguration section */

/* Begin XCConfigurationList section */
		9C1577BF1F9067940008AF62 /* Build configuration list for PBXProject "testA_Category" */ = {
			isa = XCConfigurationList;
			buildConfigurations = (
				9C1577D81F9067940008AF62 /* Debug */,
				9C1577D91F9067940008AF62 /* Release */,
			);
			defaultConfigurationIsVisible = 0;
			defaultConfigurationName = Release;
		};
		9C1577DA1F9067940008AF62 /* Build configuration list for PBXNativeTarget "testA_Category" */ = {
			isa = XCConfigurationList;
			buildConfigurations = (
				9C1577DB1F9067940008AF62 /* Debug */,
				9C1577DC1F9067940008AF62 /* Release */,
			);
			defaultConfigurationIsVisible = 0;
			defaultConfigurationName = Release;
		};
/* End XCConfigurationList section */
	};
	rootObject = 9C1577BC1F9067940008AF62 /* Project object */;
}
